
Microsoft Visual Studio Solution File, Format Version 12.00
# Visual Studio Version 16
VisualStudioVersion = 16.0.31702.278
MinimumVisualStudioVersion = 10.0.40219.1
Project("{FAE04EC0-301F-11D3-BF4B-00C04F79EFBC}") = "WorldOfTanks", "WorldOfTanks\WorldOfTanks.csproj", "{FFB69958-152C-4904-BB84-5BD241A0153F}"
EndProject
Project("{FAE04EC0-301F-11D3-BF4B-00C04F79EFBC}") = "Lib", "Lib\Lib.csproj", "{046AB3CE-D7DB-40CA-91B4-1061EC450515}"
EndProject
Global
	GlobalSection(SolutionConfigurationPlatforms) = preSolution
		Debug|Any CPU = Debug|Any CPU
		Release|Any CPU = Release|Any CPU
	EndGlobalSection
	GlobalSection(ProjectConfigurationPlatforms) = postSolution
		{FFB69958-152C-4904-BB84-5BD241A0153F}.Debug|Any CPU.ActiveCfg = Debug|Any CPU
		{FFB69958-152C-4904-BB84-5BD241A0153F}.Debug|Any CPU.Build.0 = Debug|Any CPU
		{FFB69958-152C-4904-BB84-5BD241A0153F}.Release|Any CPU.ActiveCfg = Release|Any CPU
		{FFB69958-152C-4904-BB84-5BD241A0153F}.Release|Any CPU.Build.0 = Release|Any CPU
		{046AB3CE-D7DB-40CA-91B4-1061EC450515}.Debug|Any CPU.ActiveCfg = Debug|Any CPU
		{046AB3CE-D7DB-40CA-91B4-1061EC450515}.Debug|Any CPU.Build.0 = Debug|Any CPU
		{046AB3CE-D7DB-40CA-91B4-1061EC450515}.Release|Any CPU.ActiveCfg = Release|Any CPU
		{046AB3CE-D7DB-40CA-91B4-1061EC450515}.Release|Any CPU.Build.0 = Release|Any CPU
	EndGlobalSection
	GlobalSection(SolutionProperties) = preSolution
		HideSolutionNode = FALSE
	EndGlobalSection
	GlobalSection(ExtensibilityGlobals) = postSolution
		SolutionGuid = {03F4913A-5670-462F-A6C7-4B407353A7A0}
	EndGlobalSection
EndGlobal
